
Microsoft Visual Studio Solution File, Format Version 12.00
# Visual Studio Version 17
VisualStudioVersion = 17.13.35825.156
MinimumVisualStudioVersion = 10.0.40219.1
Project("{FAE04EC0-301F-11D3-BF4B-00C04F79EFBC}") = "csharp_class", "csharp_class\csharp_class.csproj", "{964CEBB2-9637-4866-9FC5-82977A99196F}"
EndProject
Project("{FAE04EC0-301F-11D3-BF4B-00C04F79EFBC}") = "product_discount", "product_discount\product_discount.csproj", "{AEEE9283-807A-40B5-994D-F3AEF356CD7A}"
EndProject
Project("{FAE04EC0-301F-11D3-BF4B-00C04F79EFBC}") = "override_virtual", "override_virtual\override_virtual.csproj", "{5A70AF7F-D09E-43DF-A5D0-A9DF624DD3AD}"
EndProject
Project("{FAE04EC0-301F-11D3-BF4B-00C04F79EFBC}") = "abrtuct_class", "abrtuct_class\abrtuct_class.csproj", "{26AE37C8-91C9-4F13-88F6-D3F8F7A68BE4}"
EndProject
Project("{FAE04EC0-301F-11D3-BF4B-00C04F79EFBC}") = "parameter_modifier", "parameter_modifier\parameter_modifier.csproj", "{AEF5B4E3-641E-4BDD-B0F4-759CA6DC8712}"
EndProject
Project("{FAE04EC0-301F-11D3-BF4B-00C04F79EFBC}") = "tuple", "tuple\tuple.csproj", "{6BDB13F5-A6E6-43EF-9750-4ED931E41E83}"
EndProject
Project("{FAE04EC0-301F-11D3-BF4B-00C04F79EFBC}") = "generics", "generics\generics.csproj", "{5DDFF317-5333-4077-976A-E10CC78F2776}"
EndProject
Global
	GlobalSection(SolutionConfigurationPlatforms) = preSolution
		Debug|Any CPU = Debug|Any CPU
		Release|Any CPU = Release|Any CPU
	EndGlobalSection
	GlobalSection(ProjectConfigurationPlatforms) = postSolution
		{964CEBB2-9637-4866-9FC5-82977A99196F}.Debug|Any CPU.ActiveCfg = Debug|Any CPU
		{964CEBB2-9637-4866-9FC5-82977A99196F}.Debug|Any CPU.Build.0 = Debug|Any CPU
		{964CEBB2-9637-4866-9FC5-82977A99196F}.Release|Any CPU.ActiveCfg = Release|Any CPU
		{964CEBB2-9637-4866-9FC5-82977A99196F}.Release|Any CPU.Build.0 = Release|Any CPU
		{AEEE9283-807A-40B5-994D-F3AEF356CD7A}.Debug|Any CPU.ActiveCfg = Debug|Any CPU
		{AEEE9283-807A-40B5-994D-F3AEF356CD7A}.Debug|Any CPU.Build.0 = Debug|Any CPU
		{AEEE9283-807A-40B5-994D-F3AEF356CD7A}.Release|Any CPU.ActiveCfg = Release|Any CPU
		{AEEE9283-807A-40B5-994D-F3AEF356CD7A}.Release|Any CPU.Build.0 = Release|Any CPU
		{5A70AF7F-D09E-43DF-A5D0-A9DF624DD3AD}.Debug|Any CPU.ActiveCfg = Debug|Any CPU
		{5A70AF7F-D09E-43DF-A5D0-A9DF624DD3AD}.Debug|Any CPU.Build.0 = Debug|Any CPU
		{5A70AF7F-D09E-43DF-A5D0-A9DF624DD3AD}.Release|Any CPU.ActiveCfg = Release|Any CPU
		{5A70AF7F-D09E-43DF-A5D0-A9DF624DD3AD}.Release|Any CPU.Build.0 = Release|Any CPU
		{26AE37C8-91C9-4F13-88F6-D3F8F7A68BE4}.Debug|Any CPU.ActiveCfg = Debug|Any CPU
		{26AE37C8-91C9-4F13-88F6-D3F8F7A68BE4}.Debug|Any CPU.Build.0 = Debug|Any CPU
		{26AE37C8-91C9-4F13-88F6-D3F8F7A68BE4}.Release|Any CPU.ActiveCfg = Release|Any CPU
		{26AE37C8-91C9-4F13-88F6-D3F8F7A68BE4}.Release|Any CPU.Build.0 = Release|Any CPU
		{AEF5B4E3-641E-4BDD-B0F4-759CA6DC8712}.Debug|Any CPU.ActiveCfg = Debug|Any CPU
		{AEF5B4E3-641E-4BDD-B0F4-759CA6DC8712}.Debug|Any CPU.Build.0 = Debug|Any CPU
		{AEF5B4E3-641E-4BDD-B0F4-759CA6DC8712}.Release|Any CPU.ActiveCfg = Release|Any CPU
		{AEF5B4E3-641E-4BDD-B0F4-759CA6DC8712}.Release|Any CPU.Build.0 = Release|Any CPU
		{6BDB13F5-A6E6-43EF-9750-4ED931E41E83}.Debug|Any CPU.ActiveCfg = Debug|Any CPU
		{6BDB13F5-A6E6-43EF-9750-4ED931E41E83}.Debug|Any CPU.Build.0 = Debug|Any CPU
		{6BDB13F5-A6E6-43EF-9750-4ED931E41E83}.Release|Any CPU.ActiveCfg = Release|Any CPU
		{6BDB13F5-A6E6-43EF-9750-4ED931E41E83}.Release|Any CPU.Build.0 = Release|Any CPU
		{5DDFF317-5333-4077-976A-E10CC78F2776}.Debug|Any CPU.ActiveCfg = Debug|Any CPU
		{5DDFF317-5333-4077-976A-E10CC78F2776}.Debug|Any CPU.Build.0 = Debug|Any CPU
		{5DDFF317-5333-4077-976A-E10CC78F2776}.Release|Any CPU.ActiveCfg = Release|Any CPU
		{5DDFF317-5333-4077-976A-E10CC78F2776}.Release|Any CPU.Build.0 = Release|Any CPU
	EndGlobalSection
	GlobalSection(SolutionProperties) = preSolution
		HideSolutionNode = FALSE
	EndGlobalSection
	GlobalSection(ExtensibilityGlobals) = postSolution
		SolutionGuid = {150F11DF-E722-43DB-B55E-D6EF7972DB71}
	EndGlobalSection
EndGlobal
